
Microsoft Visual Studio Solution File, Format Version 11.00
# Visual Studio 2010
Project("{8BC9CEB8-8B4A-11D0-8D11-00A0C91BC942}") = "教学事务管理", "教学事务管理\教学事务管理.vcxproj", "{7E790794-764F-43AB-BB1B-3623C73F23B7}"
EndProject
Global
	GlobalSection(SolutionConfigurationPlatforms) = preSolution
		Debug|Win32 = Debug|Win32
		Release|Win32 = Release|Win32
	EndGlobalSection
	GlobalSection(ProjectConfigurationPlatforms) = postSolution
		{7E790794-764F-43AB-BB1B-3623C73F23B7}.Debug|Win32.ActiveCfg = Debug|Win32
		{7E790794-764F-43AB-BB1B-3623C73F23B7}.Debug|Win32.Build.0 = Debug|Win32
		{7E790794-764F-43AB-BB1B-3623C73F23B7}.Release|Win32.ActiveCfg = Release|Win32
		{7E790794-764F-43AB-BB1B-3623C73F23B7}.Release|Win32.Build.0 = Release|Win32
	EndGlobalSection
	GlobalSection(SolutionProperties) = preSolution
		HideSolutionNode = FALSE
	EndGlobalSection
EndGlobal
